// !$*UTF8*$!
{
	archiveVersion = 1;
	classes = {
	};
	objectVersion = 46;
	objects = {

/* Begin PBXBuildFile section */
		D5B2801419D1D7370074B254 /* AppDelegate.swift in Sources */ = {isa = PBXBuildFile; fileRef = D5B2801319D1D7370074B254 /* AppDelegate.swift */; };
		D5B2801619D1D7370074B254 /* ViewController.swift in Sources */ = {isa = PBXBuildFile; fileRef = D5B2801519D1D7370074B254 /* ViewController.swift */; };
		D5B2801919D1D7370074B254 /* Main.storyboard in Resources */ = {isa = PBXBuildFile; fileRef = D5B2801719D1D7370074B254 /* Main.storyboard */; };
		D5B2801B19D1D7370074B254 /* Images.xcassets in Resources */ = {isa = PBXBuildFile; fileRef = D5B2801A19D1D7370074B254 /* Images.xcassets */; };
		D5B2801E19D1D7370074B254 /* LaunchScreen.xib in Resources */ = {isa = PBXBuildFile; fileRef = D5B2801C19D1D7370074B254 /* LaunchScreen.xib */; };
		D5B2802A19D1D7370074B254 /* ShoeConverterTests.swift in Sources */ = {isa = PBXBuildFile; fileRef = D5B2802919D1D7370074B254 /* ShoeConverterTests.swift */; };
/* End PBXBuildFile section */

/* Begin PBXContainerItemProxy section */
		D5B2802419D1D7370074B254 /* PBXContainerItemProxy */ = {
			isa = PBXContainerItemProxy;
			containerPortal = D5B2800619D1D7370074B254 /* Project object */;
			proxyType = 1;
			remoteGlobalIDString = D5B2800D19D1D7370074B254;
			remoteInfo = ShoeConverter;
		};
/* End PBXContainerItemProxy section */

/* Begin PBXFileReference section */
		D5B2800E19D1D7370074B254 /* ShoeConverter.app */ = {isa = PBXFileReference; explicitFileType = wrapper.application; includeInIndex = 0; path = ShoeConverter.app; sourceTree = BUILT_PRODUCTS_DIR; };
		D5B2801219D1D7370074B254 /* Info.plist */ = {isa = PBXFileReference; lastKnownFileType = text.plist.xml; path = Info.plist; sourceTree = "<group>"; };
		D5B2801319D1D7370074B254 /* AppDelegate.swift */ = {isa = PBXFileReference; lastKnownFileType = sourcecode.swift; path = AppDelegate.swift; sourceTree = "<group>"; };
		D5B2801519D1D7370074B254 /* ViewController.swift */ = {isa = PBXFileReference; lastKnownFileType = sourcecode.swift; path = ViewController.swift; sourceTree = "<group>"; };
		D5B2801819D1D7370074B254 /* Base */ = {isa = PBXFileReference; lastKnownFileType = file.storyboard; name = Base; path = Base.lproj/Main.storyboard; sourceTree = "<group>"; };
		D5B2801A19D1D7370074B254 /* Images.xcassets */ = {isa = PBXFileReference; lastKnownFileType = folder.assetcatalog; path = Images.xcassets; sourceTree = "<group>"; };
		D5B2801D19D1D7370074B254 /* Base */ = {isa = PBXFileReference; lastKnownFileType = file.xib; name = Base; path = Base.lproj/LaunchScreen.xib; sourceTree = "<group>"; };
		D5B2802319D1D7370074B254 /* ShoeConverterTests.xctest */ = {isa = PBXFileReference; explicitFileType = wrapper.cfbundle; includeInIndex = 0; path = ShoeConverterTests.xctest; sourceTree = BUILT_PRODUCTS_DIR; };
		D5B2802819D1D7370074B254 /* Info.plist */ = {isa = PBXFileReference; lastKnownFileType = text.plist.xml; path = Info.plist; sourceTree = "<group>"; };
		D5B2802919D1D7370074B254 /* ShoeConverterTests.swift */ = {isa = PBXFileReference; lastKnownFileType = sourcecode.swift; path = ShoeConverterTests.swift; sourceTree = "<group>"; };
/* End PBXFileReference section */

/* Begin PBXFrameworksBuildPhase section */
		D5B2800B19D1D7370074B254 /* Frameworks */ = {
			isa = PBXFrameworksBuildPhase;
			buildActionMask = 2147483647;
			files = (
			);
			runOnlyForDeploymentPostprocessing = 0;
		};
		D5B2802019D1D7370074B254 /* Frameworks */ = {
			isa = PBXFrameworksBuildPhase;
			buildActionMask = 2147483647;
			files = (
			);
			runOnlyForDeploymentPostprocessing = 0;
		};
/* End PBXFrameworksBuildPhase section */

/* Begin PBXGroup section */
		D5B2800519D1D7370074B254 = {
			isa = PBXGroup;
			children = (
				D5B2801019D1D7370074B254 /* ShoeConverter */,
				D5B2802619D1D7370074B254 /* ShoeConverterTests */,
				D5B2800F19D1D7370074B254 /* Products */,
			);
			sourceTree = "<group>";
		};
		D5B2800F19D1D7370074B254 /* Products */ = {
			isa = PBXGroup;
			children = (
				D5B2800E19D1D7370074B254 /* ShoeConverter.app */,
				D5B2802319D1D7370074B254 /* ShoeConverterTests.xctest */,
			);
			name = Products;
			sourceTree = "<group>";
		};
		D5B2801019D1D7370074B254 /* ShoeConverter */ = {
			isa = PBXGroup;
			children = (
				D5B2801319D1D7370074B254 /* AppDelegate.swift */,
				D5B2801519D1D7370074B254 /* ViewController.swift */,
				D5B2801719D1D7370074B254 /* Main.storyboard */,
				D5B2801A19D1D7370074B254 /* Images.xcassets */,
				D5B2801C19D1D7370074B254 /* LaunchScreen.xib */,
				D5B2801119D1D7370074B254 /* Supporting Files */,
			);
			path = ShoeConverter;
			sourceTree = "<group>";
		};
		D5B2801119D1D7370074B254 /* Supporting Files */ = {
			isa = PBXGroup;
			children = (
				D5B2801219D1D7370074B254 /* Info.plist */,
			);
			name = "Supporting Files";
			sourceTree = "<group>";
		};
		D5B2802619D1D7370074B254 /* ShoeConverterTests */ = {
			isa = PBXGroup;
			children = (
				D5B2802919D1D7370074B254 /* ShoeConverterTests.swift */,
				D5B2802719D1D7370074B254 /* Supporting Files */,
			);
			path = ShoeConverterTests;
			sourceTree = "<group>";
		};
		D5B2802719D1D7370074B254 /* Supporting Files */ = {
			isa = PBXGroup;
			children = (
				D5B2802819D1D7370074B254 /* Info.plist */,
			);
			name = "Supporting Files";
			sourceTree = "<group>";
		};
/* End PBXGroup section */

/* Begin PBXNativeTarget section */
		D5B2800D19D1D7370074B254 /* ShoeConverter */ = {
			isa = PBXNativeTarget;
			buildConfigurationList = D5B2802D19D1D7370074B254 /* Build configuration list for PBXNativeTarget "ShoeConverter" */;
			buildPhases = (
				D5B2800A19D1D7370074B254 /* Sources */,
				D5B2800B19D1D7370074B254 /* Frameworks */,
				D5B2800C19D1D7370074B254 /* Resources */,
			);
			buildRules = (
			);
			dependencies = (
			);
			name = ShoeConverter;
			productName = ShoeConverter;
			productReference = D5B2800E19D1D7370074B254 /* ShoeConverter.app */;
			productType = "com.apple.product-type.application";
		};
		D5B2802219D1D7370074B254 /* ShoeConverterTests */ = {
			isa = PBXNativeTarget;
			buildConfigurationList = D5B2803019D1D7370074B254 /* Build configuration list for PBXNativeTarget "ShoeConverterTests" */;
			buildPhases = (
				D5B2801F19D1D7370074B254 /* Sources */,
				D5B2802019D1D7370074B254 /* Frameworks */,
				D5B2802119D1D7370074B254 /* Resources */,
			);
			buildRules = (
			);
			dependencies = (
				D5B2802519D1D7370074B254 /* PBXTargetDependency */,
			);
			name = ShoeConverterTests;
			productName = ShoeConverterTests;
			productReference = D5B2802319D1D7370074B254 /* ShoeConverterTests.xctest */;
			productType = "com.apple.product-type.bundle.unit-test";
		};
/* End PBXNativeTarget section */

/* Begin PBXProject section */
		D5B2800619D1D7370074B254 /* Project object */ = {
			isa = PBXProject;
			attributes = {
				LastUpgradeCheck = 0600;
				ORGANIZATIONNAME = "LUXio IT-Solutions";
				TargetAttributes = {
					D5B2800D19D1D7370074B254 = {
						CreatedOnToolsVersion = 6.0;
					};
					D5B2802219D1D7370074B254 = {
						CreatedOnToolsVersion = 6.0;
						TestTargetID = D5B2800D19D1D7370074B254;
					};
				};
			};
			buildConfigurationList = D5B2800919D1D7370074B254 /* Build configuration list for PBXProject "ShoeConverter" */;
			compatibilityVersion = "Xcode 3.2";
			developmentRegion = English;
			hasScannedForEncodings = 0;
			knownRegions = (
				en,
				Base,
			);
			mainGroup = D5B2800519D1D7370074B254;
			productRefGroup = D5B2800F19D1D7370074B254 /* Products */;
			projectDirPath = "";
			projectRoot = "";
			targets = (
				D5B2800D19D1D7370074B254 /* ShoeConverter */,
				D5B2802219D1D7370074B254 /* ShoeConverterTests */,
			);
		};
/* End PBXProject section */

/* Begin PBXResourcesBuildPhase section */
		D5B2800C19D1D7370074B254 /* Resources */ = {
			isa = PBXResourcesBuildPhase;
			buildActionMask = 2147483647;
			files = (
				D5B2801919D1D7370074B254 /* Main.storyboard in Resources */,
				D5B2801E19D1D7370074B254 /* LaunchScreen.xib in Resources */,
				D5B2801B19D1D7370074B254 /* Images.xcassets in Resources */,
			);
			runOnlyForDeploymentPostprocessing = 0;
		};
		D5B2802119D1D7370074B254 /* Resources */ = {
			isa = PBXResourcesBuildPhase;
			buildActionMask = 2147483647;
			files = (
			);
			runOnlyForDeploymentPostprocessing = 0;
		};
/* End PBXResourcesBuildPhase section */

/* Begin PBXSourcesBuildPhase section */
		D5B2800A19D1D7370074B254 /* Sources */ = {
			isa = PBXSourcesBuildPhase;
			buildActionMask = 2147483647;
			files = (
				D5B2801619D1D7370074B254 /* ViewController.swift in Sources */,
				D5B2801419D1D7370074B254 /* AppDelegate.swift in Sources */,
			);
			runOnlyForDeploymentPostprocessing = 0;
		};
		D5B2801F19D1D7370074B254 /* Sources */ = {
			isa = PBXSourcesBuildPhase;
			buildActionMask = 2147483647;
			files = (
				D5B2802A19D1D7370074B254 /* ShoeConverterTests.swift in Sources */,
			);
			runOnlyForDeploymentPostprocessing = 0;
		};
/* End PBXSourcesBuildPhase section */

/* Begin PBXTargetDependency section */
		D5B2802519D1D7370074B254 /* PBXTargetDependency */ = {
			isa = PBXTargetDependency;
			target = D5B2800D19D1D7370074B254 /* ShoeConverter */;
			targetProxy = D5B2802419D1D7370074B254 /* PBXContainerItemProxy */;
		};
/* End PBXTargetDependency section */

/* Begin PBXVariantGroup section */
		D5B2801719D1D7370074B254 /* Main.storyboard */ = {
			isa = PBXVariantGroup;
			children = (
				D5B2801819D1D7370074B254 /* Base */,
			);
			name = Main.storyboard;
			sourceTree = "<group>";
		};
		D5B2801C19D1D7370074B254 /* LaunchScreen.xib */ = {
			isa = PBXVariantGroup;
			children = (
				D5B2801D19D1D7370074B254 /* Base */,
			);
			name = LaunchScreen.xib;
			sourceTree = "<group>";
		};
/* End PBXVariantGroup section */

/* Begin XCBuildConfiguration section */
		D5B2802B19D1D7370074B254 /* Debug */ = {
			isa = XCBuildConfiguration;
			buildSettings = {
				ALWAYS_SEARCH_USER_PATHS = NO;
				CLANG_CXX_LANGUAGE_STANDARD = "gnu++0x";
				CLANG_CXX_LIBRARY = "libc++";
				CLANG_ENABLE_MODULES = YES;
				CLANG_ENABLE_OBJC_ARC = YES;
				CLANG_WARN_BOOL_CONVERSION = YES;
				CLANG_WARN_CONSTANT_CONVERSION = YES;
				CLANG_WARN_DIRECT_OBJC_ISA_USAGE = YES_ERROR;
				CLANG_WARN_EMPTY_BODY = YES;
				CLANG_WARN_ENUM_CONVERSION = YES;
				CLANG_WARN_INT_CONVERSION = YES;
				CLANG_WARN_OBJC_ROOT_CLASS = YES_ERROR;
				CLANG_WARN_UNREACHABLE_CODE = YES;
				CLANG_WARN__DUPLICATE_METHOD_MATCH = YES;
				"CODE_SIGN_IDENTITY[sdk=iphoneos*]" = "iPhone Developer";
				COPY_PHASE_STRIP = NO;
				ENABLE_STRICT_OBJC_MSGSEND = YES;
				GCC_C_LANGUAGE_STANDARD = gnu99;
				GCC_DYNAMIC_NO_PIC = NO;
				GCC_OPTIMIZATION_LEVEL = 0;
				GCC_PREPROCESSOR_DEFINITIONS = (
					"DEBUG=1",
					"$(inherited)",
				);
				GCC_SYMBOLS_PRIVATE_EXTERN = NO;
				GCC_WARN_64_TO_32_BIT_CONVERSION = YES;
				GCC_WARN_ABOUT_RETURN_TYPE = YES_ERROR;
				GCC_WARN_UNDECLARED_SELECTOR = YES;
				GCC_WARN_UNINITIALIZED_AUTOS = YES_AGGRESSIVE;
				GCC_WARN_UNUSED_FUNCTION = YES;
				GCC_WARN_UNUSED_VARIABLE = YES;
				IPHONEOS_DEPLOYMENT_TARGET = 8.0;
				MTL_ENABLE_DEBUG_INFO = YES;
				ONLY_ACTIVE_ARCH = YES;
				SDKROOT = iphoneos;
				SWIFT_OPTIMIZATION_LEVEL = "-Onone";
			};
			name = Debug;
		};
		D5B2802C19D1D7370074B254 /* Release */ = {
			isa = XCBuildConfiguration;
			buildSettings = {
				ALWAYS_SEARCH_USER_PATHS = NO;
				CLANG_CXX_LANGUAGE_STANDARD = "gnu++0x";
				CLANG_CXX_LIBRARY = "libc++";
				CLANG_ENABLE_MODULES = YES;
				CLANG_ENABLE_OBJC_ARC = YES;
				CLANG_WARN_BOOL_CONVERSION = YES;
				CLANG_WARN_CONSTANT_CONVERSION = YES;
				CLANG_WARN_DIRECT_OBJC_ISA_USAGE = YES_ERROR;
				CLANG_WARN_EMPTY_BODY = YES;
				CLANG_WARN_ENUM_CONVERSION = YES;
				CLANG_WARN_INT_CONVERSION = YES;
				CLANG_WARN_OBJC_ROOT_CLASS = YES_ERROR;
				CLANG_WARN_UNREACHABLE_CODE = YES;
				CLANG_WARN__DUPLICATE_METHOD_MATCH = YES;
				"CODE_SIGN_IDENTITY[sdk=iphoneos*]" = "iPhone Developer";
				COPY_PHASE_STRIP = YES;
				ENABLE_NS_ASSERTIONS = NO;
				ENABLE_STRICT_OBJC_MSGSEND = YES;
				GCC_C_LANGUAGE_STANDARD = gnu99;
				GCC_WARN_64_TO_32_BIT_CONVERSION = YES;
				GCC_WARN_ABOUT_RETURN_TYPE = YES_ERROR;
				GCC_WARN_UNDECLARED_SELECTOR = YES;
				GCC_WARN_UNINITIALIZED_AUTOS = YES_AGGRESSIVE;
				GCC_WARN_UNUSED_FUNCTION = YES;
				GCC_WARN_UNUSED_VARIABLE = YES;
				IPHONEOS_DEPLOYMENT_TARGET = 8.0;
				MTL_ENABLE_DEBUG_INFO = NO;
				SDKROOT = iphoneos;
				VALIDATE_PRODUCT = YES;
			};
			name = Release;
		};
		D5B2802E19D1D7370074B254 /* Debug */ = {
			isa = XCBuildConfiguration;
			buildSettings = {
				ASSETCATALOG_COMPILER_APPICON_NAME = AppIcon;
				INFOPLIST_FILE = ShoeConverter/Info.plist;
				LD_RUNPATH_SEARCH_PATHS = "$(inherited) @executable_path/Frameworks";
				PRODUCT_NAME = "$(TARGET_NAME)";
			};
			name = Debug;
		};
		D5B2802F19D1D7370074B254 /* Release */ = {
			isa = XCBuildConfiguration;
			buildSettings = {
				ASSETCATALOG_COMPILER_APPICON_NAME = AppIcon;
				INFOPLIST_FILE = ShoeConverter/Info.plist;
				LD_RUNPATH_SEARCH_PATHS = "$(inherited) @executable_path/Frameworks";
				PRODUCT_NAME = "$(TARGET_NAME)";
			};
			name = Release;
		};
		D5B2803119D1D7370074B254 /* Debug */ = {
			isa = XCBuildConfiguration;
			buildSettings = {
				BUNDLE_LOADER = "$(TEST_HOST)";
				FRAMEWORK_SEARCH_PATHS = (
					"$(SDKROOT)/Developer/Library/Frameworks",
					"$(inherited)",
				);
				GCC_PREPROCESSOR_DEFINITIONS = (
					"DEBUG=1",
					"$(inherited)",
				);
				INFOPLIST_FILE = ShoeConverterTests/Info.plist;
				LD_RUNPATH_SEARCH_PATHS = "$(inherited) @executable_path/Frameworks @loader_path/Frameworks";
				PRODUCT_NAME = "$(TARGET_NAME)";
				TEST_HOST = "$(BUILT_PRODUCTS_DIR)/ShoeConverter.app/ShoeConverter";
			};
			name = Debug;
		};
		D5B2803219D1D7370074B254 /* Release */ = {
			isa = XCBuildConfiguration;
			buildSettings = {
				BUNDLE_LOADER = "$(TEST_HOST)";
				FRAMEWORK_SEARCH_PATHS = (
					"$(SDKROOT)/Developer/Library/Frameworks",
					"$(inherited)",
				);
				INFOPLIST_FILE = ShoeConverterTests/Info.plist;
				LD_RUNPATH_SEARCH_PATHS = "$(inherited) @executable_path/Frameworks @loader_path/Frameworks";
				PRODUCT_NAME = "$(TARGET_NAME)";
				TEST_HOST = "$(BUILT_PRODUCTS_DIR)/ShoeConverter.app/ShoeConverter";
			};
			name = Release;
		};
/* End XCBuildConfiguration section */

/* Begin XCConfigurationList section */
		D5B2800919D1D7370074B254 /* Build configuration list for PBXProject "ShoeConverter" */ = {
			isa = XCConfigurationList;
			buildConfigurations = (
				D5B2802B19D1D7370074B254 /* Debug */,
				D5B2802C19D1D7370074B254 /* Release */,
			);
			defaultConfigurationIsVisible = 0;
			defaultConfigurationName = Release;
		};
		D5B2802D19D1D7370074B254 /* Build configuration list for PBXNativeTarget "ShoeConverter" */ = {
			isa = XCConfigurationList;
			buildConfigurations = (
				D5B2802E19D1D7370074B254 /* Debug */,
				D5B2802F19D1D7370074B254 /* Release */,
			);
			defaultConfigurationIsVisible = 0;
		};
		D5B2803019D1D7370074B254 /* Build configuration list for PBXNativeTarget "ShoeConverterTests" */ = {
			isa = XCConfigurationList;
			buildConfigurations = (
				D5B2803119D1D7370074B254 /* Debug */,
				D5B2803219D1D7370074B254 /* Release */,
			);
			defaultConfigurationIsVisible = 0;
		};
/* End XCConfigurationList section */
	};
	rootObject = D5B2800619D1D7370074B254 /* Project object */;
}
